{
  "version": 4,
  "terraform_version": "1.6.2",
  "serial": 3,
  "lineage": "d38d2520-0fab-d25b-40a8-f38ca9373e2b",
  "outputs": {},
  "resources": [
    {
      "mode": "managed",
      "type": "aws_kinesis_stream",
      "name": "my-console-stream",
      "provider": "provider[\"registry.terraform.io/hashicorp/aws\"]",
      "instances": [
        {
          "schema_version": 1,
          "attributes": {
            "arn": "arn:aws:kinesis:ap-northeast-2:182024812696:stream/my-console-stream",
            "encryption_type": "NONE",
            "enforce_consumer_deletion": true,
            "id": "arn:aws:kinesis:ap-northeast-2:182024812696:stream/my-console-stream",
            "kms_key_id": "",
            "name": "my-console-stream",
            "retention_period": 24,
            "shard_count": 1,
            "shard_level_metrics": [],
            "stream_mode_details": [
              {
                "stream_mode": "PROVISIONED"
              }
            ],
            "tags": {
              "Name": "my-console-stream",
              "Resource": "data-stream"
            },
            "tags_all": {
              "Name": "my-console-stream",
              "Resource": "data-stream"
            },
            "timeouts": null
          },
          "sensitive_attributes": [],
          "private": "eyJlMmJmYjczMC1lY2FhLTExZTYtOGY4OC0zNDM2M2JjN2M0YzAiOnsiY3JlYXRlIjozMDAwMDAwMDAwMDAsImRlbGV0ZSI6NzIwMDAwMDAwMDAwMCwidXBkYXRlIjo3MjAwMDAwMDAwMDAwfSwic2NoZW1hX3ZlcnNpb24iOiIxIn0="
        }
      ]
    }
  ],
  "check_results": null
}
